
Microsoft Visual Studio Solution File, Format Version 12.00
# Visual Studio 15
VisualStudioVersion = 15.0.33529.398
MinimumVisualStudioVersion = 10.0.40219.1
Project("{FAE04EC0-301F-11D3-BF4B-00C04F79EFBC}") = "BackOffice", "BackOffice\BackOffice.csproj", "{BC803685-D7AA-409C-8793-792A2DD85432}"
EndProject
Project("{FAE04EC0-301F-11D3-BF4B-00C04F79EFBC}") = "capa_logica", "capa_logica\capa_logica.csproj", "{4E0F0DEC-6907-4AAA-9910-C68911C55231}"
EndProject
Project("{FAE04EC0-301F-11D3-BF4B-00C04F79EFBC}") = "capa_datos", "capa_datos\capa_datos.csproj", "{64FD0C0D-ED7B-420C-8E58-99BC18DAD43D}"
EndProject
Global
	GlobalSection(SolutionConfigurationPlatforms) = preSolution
		Debug|Any CPU = Debug|Any CPU
		Release|Any CPU = Release|Any CPU
	EndGlobalSection
	GlobalSection(ProjectConfigurationPlatforms) = postSolution
		{BC803685-D7AA-409C-8793-792A2DD85432}.Debug|Any CPU.ActiveCfg = Debug|Any CPU
		{BC803685-D7AA-409C-8793-792A2DD85432}.Debug|Any CPU.Build.0 = Debug|Any CPU
		{BC803685-D7AA-409C-8793-792A2DD85432}.Release|Any CPU.ActiveCfg = Release|Any CPU
		{BC803685-D7AA-409C-8793-792A2DD85432}.Release|Any CPU.Build.0 = Release|Any CPU
		{4E0F0DEC-6907-4AAA-9910-C68911C55231}.Debug|Any CPU.ActiveCfg = Debug|Any CPU
		{4E0F0DEC-6907-4AAA-9910-C68911C55231}.Debug|Any CPU.Build.0 = Debug|Any CPU
		{4E0F0DEC-6907-4AAA-9910-C68911C55231}.Release|Any CPU.ActiveCfg = Release|Any CPU
		{4E0F0DEC-6907-4AAA-9910-C68911C55231}.Release|Any CPU.Build.0 = Release|Any CPU
		{64FD0C0D-ED7B-420C-8E58-99BC18DAD43D}.Debug|Any CPU.ActiveCfg = Debug|Any CPU
		{64FD0C0D-ED7B-420C-8E58-99BC18DAD43D}.Debug|Any CPU.Build.0 = Debug|Any CPU
		{64FD0C0D-ED7B-420C-8E58-99BC18DAD43D}.Release|Any CPU.ActiveCfg = Release|Any CPU
		{64FD0C0D-ED7B-420C-8E58-99BC18DAD43D}.Release|Any CPU.Build.0 = Release|Any CPU
	EndGlobalSection
	GlobalSection(SolutionProperties) = preSolution
		HideSolutionNode = FALSE
	EndGlobalSection
	GlobalSection(ExtensibilityGlobals) = postSolution
		SolutionGuid = {622F984B-D003-4CAC-BBE6-F071EAC213B4}
	EndGlobalSection
EndGlobal
