
Microsoft Visual Studio Solution File, Format Version 12.00
# Visual Studio 15
VisualStudioVersion = 15.0.33529.398
MinimumVisualStudioVersion = 10.0.40219.1
Project("{FAE04EC0-301F-11D3-BF4B-00C04F79EFBC}") = "ApiAlmacen", "ApiAlmacen\ApiAlmacen.csproj", "{B0E50F2E-86F2-4EBC-BF5F-B7FFF9056769}"
EndProject
Global
	GlobalSection(SolutionConfigurationPlatforms) = preSolution
		Debug|Any CPU = Debug|Any CPU
		Release|Any CPU = Release|Any CPU
	EndGlobalSection
	GlobalSection(ProjectConfigurationPlatforms) = postSolution
		{B0E50F2E-86F2-4EBC-BF5F-B7FFF9056769}.Debug|Any CPU.ActiveCfg = Debug|Any CPU
		{B0E50F2E-86F2-4EBC-BF5F-B7FFF9056769}.Debug|Any CPU.Build.0 = Debug|Any CPU
		{B0E50F2E-86F2-4EBC-BF5F-B7FFF9056769}.Release|Any CPU.ActiveCfg = Release|Any CPU
		{B0E50F2E-86F2-4EBC-BF5F-B7FFF9056769}.Release|Any CPU.Build.0 = Release|Any CPU
	EndGlobalSection
	GlobalSection(SolutionProperties) = preSolution
		HideSolutionNode = FALSE
	EndGlobalSection
	GlobalSection(ExtensibilityGlobals) = postSolution
		SolutionGuid = {29CF3C5A-8698-45B3-B6E8-2C56FC23D7E0}
	EndGlobalSection
EndGlobal
