
Microsoft Visual Studio Solution File, Format Version 12.00
# Visual Studio 15
VisualStudioVersion = 15.0.33529.398
MinimumVisualStudioVersion = 10.0.40219.1
Project("{FAE04EC0-301F-11D3-BF4B-00C04F79EFBC}") = "Aplicacion Seguimiento", "Aplicacion Seguimiento\Aplicacion Seguimiento.csproj", "{5D8E044C-1779-4EED-A824-C0205C043F1D}"
EndProject
Project("{FAE04EC0-301F-11D3-BF4B-00C04F79EFBC}") = "APICamionero", "..\APICamionero\APICamionero\APICamionero.csproj", "{8F63CC13-ED90-4EFC-A43A-81F763F11835}"
EndProject
Global
	GlobalSection(SolutionConfigurationPlatforms) = preSolution
		Debug|Any CPU = Debug|Any CPU
		Release|Any CPU = Release|Any CPU
	EndGlobalSection
	GlobalSection(ProjectConfigurationPlatforms) = postSolution
		{5D8E044C-1779-4EED-A824-C0205C043F1D}.Debug|Any CPU.ActiveCfg = Debug|Any CPU
		{5D8E044C-1779-4EED-A824-C0205C043F1D}.Debug|Any CPU.Build.0 = Debug|Any CPU
		{5D8E044C-1779-4EED-A824-C0205C043F1D}.Release|Any CPU.ActiveCfg = Release|Any CPU
		{5D8E044C-1779-4EED-A824-C0205C043F1D}.Release|Any CPU.Build.0 = Release|Any CPU
		{8F63CC13-ED90-4EFC-A43A-81F763F11835}.Debug|Any CPU.ActiveCfg = Debug|Any CPU
		{8F63CC13-ED90-4EFC-A43A-81F763F11835}.Debug|Any CPU.Build.0 = Debug|Any CPU
		{8F63CC13-ED90-4EFC-A43A-81F763F11835}.Release|Any CPU.ActiveCfg = Release|Any CPU
		{8F63CC13-ED90-4EFC-A43A-81F763F11835}.Release|Any CPU.Build.0 = Release|Any CPU
	EndGlobalSection
	GlobalSection(SolutionProperties) = preSolution
		HideSolutionNode = FALSE
	EndGlobalSection
	GlobalSection(ExtensibilityGlobals) = postSolution
		SolutionGuid = {96DCBA27-D2A6-4151-8E34-8D98E0EAFCE8}
	EndGlobalSection
EndGlobal
