
Microsoft Visual Studio Solution File, Format Version 12.00
# Visual Studio 15
VisualStudioVersion = 15.0.33529.398
MinimumVisualStudioVersion = 10.0.40219.1
Project("{FAE04EC0-301F-11D3-BF4B-00C04F79EFBC}") = "AuthenticationAPI", "AuthenticationAPI\AuthenticationAPI.csproj", "{B916688E-0067-4B03-AF6B-BA103481D15F}"
EndProject
Global
	GlobalSection(SolutionConfigurationPlatforms) = preSolution
		Debug|Any CPU = Debug|Any CPU
		Release|Any CPU = Release|Any CPU
	EndGlobalSection
	GlobalSection(ProjectConfigurationPlatforms) = postSolution
		{B916688E-0067-4B03-AF6B-BA103481D15F}.Debug|Any CPU.ActiveCfg = Debug|Any CPU
		{B916688E-0067-4B03-AF6B-BA103481D15F}.Debug|Any CPU.Build.0 = Debug|Any CPU
		{B916688E-0067-4B03-AF6B-BA103481D15F}.Release|Any CPU.ActiveCfg = Release|Any CPU
		{B916688E-0067-4B03-AF6B-BA103481D15F}.Release|Any CPU.Build.0 = Release|Any CPU
	EndGlobalSection
	GlobalSection(SolutionProperties) = preSolution
		HideSolutionNode = FALSE
	EndGlobalSection
	GlobalSection(ExtensibilityGlobals) = postSolution
		SolutionGuid = {6B6A9C73-FE01-41AA-8A5D-DD47F4A0D88F}
	EndGlobalSection
EndGlobal
